PODS:
  - HockeySDK/AllFeaturesLib (4.1.2)
  - HockeySDK/CrashOnlyExtensionsLib (4.1.2)

DEPENDENCIES:
  - HockeySDK/AllFeaturesLib
  - HockeySDK/CrashOnlyExtensionsLib

SPEC CHECKSUMS:
  HockeySDK: c7523379550a4305cefc1cdfa7b5f9a5a3538180

PODFILE CHECKSUM: 66002242c783cbd225a94b94b06d218e527c6d22

COCOAPODS: 1.1.1
