// !$*UTF8*$!
{
	archiveVersion = 1;
	classes = {
	};
	objectVersion = 46;
	objects = {

/* Begin PBXBuildFile section */
		1E363072156D3916005179E7 /* JSONKit.m in Sources */ = {isa = PBXBuildFile; fileRef = 1E363070156D3916005179E7 /* JSONKit.m */; };
		1E363073156D3916005179E7 /* README.md in Resources */ = {isa = PBXBuildFile; fileRef = 1E363071156D3916005179E7 /* README.md */; };
		1E95486415C8011800C35F24 /* BITSettingsViewController.m in Sources */ = {isa = PBXBuildFile; fileRef = 1E95486315C8011800C35F24 /* BITSettingsViewController.m */; };
		1E95486715C8016B00C35F24 /* HockeySDKResources.bundle in Resources */ = {isa = PBXBuildFile; fileRef = 1E7E59A515C7FCC100D63C84 /* HockeySDKResources.bundle */; };
		1E95486815C801D600C35F24 /* CrashReporter.framework in Frameworks */ = {isa = PBXBuildFile; fileRef = 1E9A628C1550523300EE7C9D /* CrashReporter.framework */; };
		1E9A624915504F2E00EE7C9D /* UIKit.framework in Frameworks */ = {isa = PBXBuildFile; fileRef = 1E9A624815504F2E00EE7C9D /* UIKit.framework */; };
		1E9A624B15504F2E00EE7C9D /* Foundation.framework in Frameworks */ = {isa = PBXBuildFile; fileRef = 1E9A624A15504F2E00EE7C9D /* Foundation.framework */; };
		1E9A624D15504F2E00EE7C9D /* CoreGraphics.framework in Frameworks */ = {isa = PBXBuildFile; fileRef = 1E9A624C15504F2E00EE7C9D /* CoreGraphics.framework */; };
		1E9A62941550533600EE7C9D /* main.m in Sources */ = {isa = PBXBuildFile; fileRef = 1E9A62931550533600EE7C9D /* main.m */; };
		1E9A6298155053DA00EE7C9D /* BITAppDelegate.m in Sources */ = {isa = PBXBuildFile; fileRef = 1E9A6297155053DA00EE7C9D /* BITAppDelegate.m */; };
		1E9A629F1550544900EE7C9D /* BITDemoViewController.m in Sources */ = {isa = PBXBuildFile; fileRef = 1E9A629D1550544900EE7C9D /* BITDemoViewController.m */; };
		1E9A62A01550544900EE7C9D /* BITDemoViewController.xib in Resources */ = {isa = PBXBuildFile; fileRef = 1E9A629E1550544900EE7C9D /* BITDemoViewController.xib */; };
		1E9A62BD155057E500EE7C9D /* libHockeySDK-iphoneos.a in Frameworks */ = {isa = PBXBuildFile; fileRef = 1E9A62B7155056A800EE7C9D /* libHockeySDK-iphoneos.a */; };
		1E9A62C11550581E00EE7C9D /* QuartzCore.framework in Frameworks */ = {isa = PBXBuildFile; fileRef = 1E9A62C01550581E00EE7C9D /* QuartzCore.framework */; };
		1E9A62C3155059D500EE7C9D /* MainWindow.xib in Resources */ = {isa = PBXBuildFile; fileRef = 1E9A62C2155059D500EE7C9D /* MainWindow.xib */; };
/* End PBXBuildFile section */

/* Begin PBXContainerItemProxy section */
		1E7E599E15C7FCC100D63C84 /* PBXContainerItemProxy */ = {
			isa = PBXContainerItemProxy;
			containerPortal = 1E9A62AF155056A800EE7C9D /* HockeySDK.xcodeproj */;
			proxyType = 2;
			remoteGlobalIDString = 1E59544115B6C3DC00A03429;
			remoteInfo = HockeySDK;
		};
		1E7E59A015C7FCC100D63C84 /* PBXContainerItemProxy */ = {
			isa = PBXContainerItemProxy;
			containerPortal = 1E9A62AF155056A800EE7C9D /* HockeySDK.xcodeproj */;
			proxyType = 2;
			remoteGlobalIDString = 1E59547C15B6C41300A03429;
			remoteInfo = "HockeySDK-Simulator";
		};
		1E7E59A215C7FCC100D63C84 /* PBXContainerItemProxy */ = {
			isa = PBXContainerItemProxy;
			containerPortal = 1E9A62AF155056A800EE7C9D /* HockeySDK.xcodeproj */;
			proxyType = 2;
			remoteGlobalIDString = 1E5954F215B6F24A00A03429;
			remoteInfo = HockeySDKLib;
		};
		1E7E59A415C7FCC100D63C84 /* PBXContainerItemProxy */ = {
			isa = PBXContainerItemProxy;
			containerPortal = 1E9A62AF155056A800EE7C9D /* HockeySDK.xcodeproj */;
			proxyType = 2;
			remoteGlobalIDString = 1E59550A15B6F45800A03429;
			remoteInfo = HockeySDKResources;
		};
		1E95486515C8014200C35F24 /* PBXContainerItemProxy */ = {
			isa = PBXContainerItemProxy;
			containerPortal = 1E9A62AF155056A800EE7C9D /* HockeySDK.xcodeproj */;
			proxyType = 1;
			remoteGlobalIDString = 1E59550915B6F45800A03429;
			remoteInfo = HockeySDKResources;
		};
		1E9548A615C80A1800C35F24 /* PBXContainerItemProxy */ = {
			isa = PBXContainerItemProxy;
			containerPortal = 1E9A62AF155056A800EE7C9D /* HockeySDK.xcodeproj */;
			proxyType = 1;
			remoteGlobalIDString = 1E5954CB15B6F24A00A03429;
			remoteInfo = HockeySDKLib;
		};
		1E9A62B6155056A800EE7C9D /* PBXContainerItemProxy */ = {
			isa = PBXContainerItemProxy;
			containerPortal = 1E9A62AF155056A800EE7C9D /* HockeySDK.xcodeproj */;
			proxyType = 2;
			remoteGlobalIDString = E400561A148D79B500EB22B9;
			remoteInfo = HockeySDK;
		};
/* End PBXContainerItemProxy section */

/* Begin PBXFileReference section */
		1E36306F156D3916005179E7 /* JSONKit.h */ = {isa = PBXFileReference; fileEncoding = 4; lastKnownFileType = sourcecode.c.h; path = JSONKit.h; sourceTree = "<group>"; };
		1E363070156D3916005179E7 /* JSONKit.m */ = {isa = PBXFileReference; fileEncoding = 4; lastKnownFileType = sourcecode.c.objc; path = JSONKit.m; sourceTree = "<group>"; };
		1E363071156D3916005179E7 /* README.md */ = {isa = PBXFileReference; fileEncoding = 4; lastKnownFileType = text; path = README.md; sourceTree = "<group>"; };
		1E95486315C8011800C35F24 /* BITSettingsViewController.m */ = {isa = PBXFileReference; fileEncoding = 4; lastKnownFileType = sourcecode.c.objc; path = BITSettingsViewController.m; sourceTree = "<group>"; };
		1E95486915C8038500C35F24 /* BITAppDelegate.h */ = {isa = PBXFileReference; lastKnownFileType = sourcecode.c.h; path = BITAppDelegate.h; sourceTree = "<group>"; };
		1E9A624415504F2E00EE7C9D /* HockeySDK-iOSDemo.app */ = {isa = PBXFileReference; explicitFileType = wrapper.application; includeInIndex = 0; path = "HockeySDK-iOSDemo.app"; sourceTree = BUILT_PRODUCTS_DIR; };
		1E9A624815504F2E00EE7C9D /* UIKit.framework */ = {isa = PBXFileReference; lastKnownFileType = wrapper.framework; name = UIKit.framework; path = System/Library/Frameworks/UIKit.framework; sourceTree = SDKROOT; };
		1E9A624A15504F2E00EE7C9D /* Foundation.framework */ = {isa = PBXFileReference; lastKnownFileType = wrapper.framework; name = Foundation.framework; path = System/Library/Frameworks/Foundation.framework; sourceTree = SDKROOT; };
		1E9A624C15504F2E00EE7C9D /* CoreGraphics.framework */ = {isa = PBXFileReference; lastKnownFileType = wrapper.framework; name = CoreGraphics.framework; path = System/Library/Frameworks/CoreGraphics.framework; sourceTree = SDKROOT; };
		1E9A625015504F2E00EE7C9D /* HockeySDK-iOSDemo-Info.plist */ = {isa = PBXFileReference; lastKnownFileType = text.plist; name = "HockeySDK-iOSDemo-Info.plist"; path = "Resources/HockeySDK-iOSDemo-Info.plist"; sourceTree = "<group>"; };
		1E9A625615504F2E00EE7C9D /* HockeySDK-iOSDemo-Prefix.pch */ = {isa = PBXFileReference; lastKnownFileType = sourcecode.c.h; name = "HockeySDK-iOSDemo-Prefix.pch"; path = "Resources/HockeySDK-iOSDemo-Prefix.pch"; sourceTree = "<group>"; };
		1E9A628C1550523300EE7C9D /* CrashReporter.framework */ = {isa = PBXFileReference; lastKnownFileType = wrapper.framework; name = CrashReporter.framework; path = Vendor/HockeySDK/Vendor/CrashReporter.framework; sourceTree = "<group>"; };
		1E9A62931550533600EE7C9D /* main.m */ = {isa = PBXFileReference; fileEncoding = 4; lastKnownFileType = sourcecode.c.objc; path = main.m; sourceTree = SOURCE_ROOT; };
		1E9A6297155053DA00EE7C9D /* BITAppDelegate.m */ = {isa = PBXFileReference; fileEncoding = 4; lastKnownFileType = sourcecode.c.objc; path = BITAppDelegate.m; sourceTree = "<group>"; };
		1E9A629C1550544900EE7C9D /* BITDemoViewController.h */ = {isa = PBXFileReference; fileEncoding = 4; lastKnownFileType = sourcecode.c.h; path = BITDemoViewController.h; sourceTree = "<group>"; };
		1E9A629D1550544900EE7C9D /* BITDemoViewController.m */ = {isa = PBXFileReference; fileEncoding = 4; lastKnownFileType = sourcecode.c.objc; path = BITDemoViewController.m; sourceTree = "<group>"; };
		1E9A629E1550544900EE7C9D /* BITDemoViewController.xib */ = {isa = PBXFileReference; fileEncoding = 4; lastKnownFileType = file.xib; path = BITDemoViewController.xib; sourceTree = "<group>"; };
		1E9A62A11550546300EE7C9D /* BITSettingsViewController.h */ = {isa = PBXFileReference; fileEncoding = 4; lastKnownFileType = sourcecode.c.h; path = BITSettingsViewController.h; sourceTree = "<group>"; };
		1E9A62AF155056A800EE7C9D /* HockeySDK.xcodeproj */ = {isa = PBXFileReference; lastKnownFileType = "wrapper.pb-project"; name = HockeySDK.xcodeproj; path = Vendor/HockeySDK/Support/HockeySDK.xcodeproj; sourceTree = "<group>"; };
		1E9A62BE1550580600EE7C9D /* CFNetwork.framework */ = {isa = PBXFileReference; lastKnownFileType = wrapper.framework; name = CFNetwork.framework; path = System/Library/Frameworks/CFNetwork.framework; sourceTree = SDKROOT; };
		1E9A62C01550581E00EE7C9D /* QuartzCore.framework */ = {isa = PBXFileReference; lastKnownFileType = wrapper.framework; name = QuartzCore.framework; path = System/Library/Frameworks/QuartzCore.framework; sourceTree = SDKROOT; };
		1E9A62C2155059D500EE7C9D /* MainWindow.xib */ = {isa = PBXFileReference; fileEncoding = 4; lastKnownFileType = file.xib; name = MainWindow.xib; path = Resources/MainWindow.xib; sourceTree = SOURCE_ROOT; };
/* End PBXFileReference section */

/* Begin PBXFrameworksBuildPhase section */
		1E9A624115504F2E00EE7C9D /* Frameworks */ = {
			isa = PBXFrameworksBuildPhase;
			buildActionMask = 2147483647;
			files = (
				1E95486815C801D600C35F24 /* CrashReporter.framework in Frameworks */,
				1E9A62C11550581E00EE7C9D /* QuartzCore.framework in Frameworks */,
				1E9A62BD155057E500EE7C9D /* libHockeySDK-iphoneos.a in Frameworks */,
				1E9A624915504F2E00EE7C9D /* UIKit.framework in Frameworks */,
				1E9A624B15504F2E00EE7C9D /* Foundation.framework in Frameworks */,
				1E9A624D15504F2E00EE7C9D /* CoreGraphics.framework in Frameworks */,
			);
			runOnlyForDeploymentPostprocessing = 0;
		};
/* End PBXFrameworksBuildPhase section */

/* Begin PBXGroup section */
		1E36306E156D3916005179E7 /* JSON */ = {
			isa = PBXGroup;
			children = (
				1E36306F156D3916005179E7 /* JSONKit.h */,
				1E363070156D3916005179E7 /* JSONKit.m */,
				1E363071156D3916005179E7 /* README.md */,
			);
			path = JSON;
			sourceTree = "<group>";
		};
		1E9A623915504F2E00EE7C9D = {
			isa = PBXGroup;
			children = (
				1E9A6295155053DA00EE7C9D /* Classes */,
				1E9A624F15504F2E00EE7C9D /* Ressources */,
				1E9A624715504F2E00EE7C9D /* Frameworks */,
				1E9A624515504F2E00EE7C9D /* Products */,
				1E9A62AF155056A800EE7C9D /* HockeySDK.xcodeproj */,
			);
			sourceTree = "<group>";
		};
		1E9A624515504F2E00EE7C9D /* Products */ = {
			isa = PBXGroup;
			children = (
				1E9A624415504F2E00EE7C9D /* HockeySDK-iOSDemo.app */,
			);
			name = Products;
			sourceTree = "<group>";
		};
		1E9A624715504F2E00EE7C9D /* Frameworks */ = {
			isa = PBXGroup;
			children = (
				1E9A62C01550581E00EE7C9D /* QuartzCore.framework */,
				1E9A62BE1550580600EE7C9D /* CFNetwork.framework */,
				1E9A628C1550523300EE7C9D /* CrashReporter.framework */,
				1E9A624815504F2E00EE7C9D /* UIKit.framework */,
				1E9A624A15504F2E00EE7C9D /* Foundation.framework */,
				1E9A624C15504F2E00EE7C9D /* CoreGraphics.framework */,
			);
			name = Frameworks;
			sourceTree = "<group>";
		};
		1E9A624F15504F2E00EE7C9D /* Ressources */ = {
			isa = PBXGroup;
			children = (
				1E9A625015504F2E00EE7C9D /* HockeySDK-iOSDemo-Info.plist */,
				1E9A625615504F2E00EE7C9D /* HockeySDK-iOSDemo-Prefix.pch */,
				1E9A62C2155059D500EE7C9D /* MainWindow.xib */,
				1E9A62931550533600EE7C9D /* main.m */,
			);
			name = Ressources;
			path = "HockeySDK-iOSDemo";
			sourceTree = "<group>";
		};
		1E9A6295155053DA00EE7C9D /* Classes */ = {
			isa = PBXGroup;
			children = (
				1E95486915C8038500C35F24 /* BITAppDelegate.h */,
				1E9A6297155053DA00EE7C9D /* BITAppDelegate.m */,
				1E9A629C1550544900EE7C9D /* BITDemoViewController.h */,
				1E9A629D1550544900EE7C9D /* BITDemoViewController.m */,
				1E9A629E1550544900EE7C9D /* BITDemoViewController.xib */,
				1E9A62A11550546300EE7C9D /* BITSettingsViewController.h */,
				1E95486315C8011800C35F24 /* BITSettingsViewController.m */,
				1E36306E156D3916005179E7 /* JSON */,
			);
			path = Classes;
			sourceTree = "<group>";
		};
		1E9A62B0155056A800EE7C9D /* Products */ = {
			isa = PBXGroup;
			children = (
				1E7E599F15C7FCC100D63C84 /* HockeySDK.framework */,
				1E9A62B7155056A800EE7C9D /* libHockeySDK-iphoneos.a */,
				1E7E59A115C7FCC100D63C84 /* libHockeySDK-iphonesimulator.a */,
				1E7E59A315C7FCC100D63C84 /* libHockeySDK.a */,
				1E7E59A515C7FCC100D63C84 /* HockeySDKResources.bundle */,
			);
			name = Products;
			sourceTree = "<group>";
		};
/* End PBXGroup section */

/* Begin PBXNativeTarget section */
		1E9A624315504F2E00EE7C9D /* HockeySDK-iOSDemo */ = {
			isa = PBXNativeTarget;
			buildConfigurationList = 1E9A625C15504F2E00EE7C9D /* Build configuration list for PBXNativeTarget "HockeySDK-iOSDemo" */;
			buildPhases = (
				1E9A624015504F2E00EE7C9D /* Sources */,
				1E9A624115504F2E00EE7C9D /* Frameworks */,
				1E9A624215504F2E00EE7C9D /* Resources */,
			);
			buildRules = (
			);
			dependencies = (
				1E9548A715C80A1800C35F24 /* PBXTargetDependency */,
				1E95486615C8014200C35F24 /* PBXTargetDependency */,
			);
			name = "HockeySDK-iOSDemo";
			productName = "HockeySDK-iOSDemo";
			productReference = 1E9A624415504F2E00EE7C9D /* HockeySDK-iOSDemo.app */;
			productType = "com.apple.product-type.application";
		};
/* End PBXNativeTarget section */

/* Begin PBXProject section */
		1E9A623B15504F2E00EE7C9D /* Project object */ = {
			isa = PBXProject;
			attributes = {
				CLASSPREFIX = CNS;
				LastUpgradeCheck = 0430;
			};
			buildConfigurationList = 1E9A623E15504F2E00EE7C9D /* Build configuration list for PBXProject "HockeySDK-iOSDemo" */;
			compatibilityVersion = "Xcode 3.2";
			developmentRegion = English;
			hasScannedForEncodings = 0;
			knownRegions = (
				en,
			);
			mainGroup = 1E9A623915504F2E00EE7C9D;
			productRefGroup = 1E9A624515504F2E00EE7C9D /* Products */;
			projectDirPath = "";
			projectReferences = (
				{
					ProductGroup = 1E9A62B0155056A800EE7C9D /* Products */;
					ProjectRef = 1E9A62AF155056A800EE7C9D /* HockeySDK.xcodeproj */;
				},
			);
			projectRoot = "";
			targets = (
				1E9A624315504F2E00EE7C9D /* HockeySDK-iOSDemo */,
			);
		};
/* End PBXProject section */

/* Begin PBXReferenceProxy section */
		1E7E599F15C7FCC100D63C84 /* HockeySDK.framework */ = {
			isa = PBXReferenceProxy;
			fileType = wrapper.framework;
			path = HockeySDK.framework;
			remoteRef = 1E7E599E15C7FCC100D63C84 /* PBXContainerItemProxy */;
			sourceTree = BUILT_PRODUCTS_DIR;
		};
		1E7E59A115C7FCC100D63C84 /* libHockeySDK-iphonesimulator.a */ = {
			isa = PBXReferenceProxy;
			fileType = archive.ar;
			path = "libHockeySDK-iphonesimulator.a";
			remoteRef = 1E7E59A015C7FCC100D63C84 /* PBXContainerItemProxy */;
			sourceTree = BUILT_PRODUCTS_DIR;
		};
		1E7E59A315C7FCC100D63C84 /* libHockeySDK.a */ = {
			isa = PBXReferenceProxy;
			fileType = archive.ar;
			path = libHockeySDK.a;
			remoteRef = 1E7E59A215C7FCC100D63C84 /* PBXContainerItemProxy */;
			sourceTree = BUILT_PRODUCTS_DIR;
		};
		1E7E59A515C7FCC100D63C84 /* HockeySDKResources.bundle */ = {
			isa = PBXReferenceProxy;
			fileType = wrapper.cfbundle;
			path = HockeySDKResources.bundle;
			remoteRef = 1E7E59A415C7FCC100D63C84 /* PBXContainerItemProxy */;
			sourceTree = BUILT_PRODUCTS_DIR;
		};
		1E9A62B7155056A800EE7C9D /* libHockeySDK-iphoneos.a */ = {
			isa = PBXReferenceProxy;
			fileType = archive.ar;
			path = "libHockeySDK-iphoneos.a";
			remoteRef = 1E9A62B6155056A800EE7C9D /* PBXContainerItemProxy */;
			sourceTree = BUILT_PRODUCTS_DIR;
		};
/* End PBXReferenceProxy section */

/* Begin PBXResourcesBuildPhase section */
		1E9A624215504F2E00EE7C9D /* Resources */ = {
			isa = PBXResourcesBuildPhase;
			buildActionMask = 2147483647;
			files = (
				1E9A62A01550544900EE7C9D /* BITDemoViewController.xib in Resources */,
				1E95486715C8016B00C35F24 /* HockeySDKResources.bundle in Resources */,
				1E9A62C3155059D500EE7C9D /* MainWindow.xib in Resources */,
				1E363073156D3916005179E7 /* README.md in Resources */,
			);
			runOnlyForDeploymentPostprocessing = 0;
		};
/* End PBXResourcesBuildPhase section */

/* Begin PBXSourcesBuildPhase section */
		1E9A624015504F2E00EE7C9D /* Sources */ = {
			isa = PBXSourcesBuildPhase;
			buildActionMask = 2147483647;
			files = (
				1E9A62941550533600EE7C9D /* main.m in Sources */,
				1E9A6298155053DA00EE7C9D /* BITAppDelegate.m in Sources */,
				1E9A629F1550544900EE7C9D /* BITDemoViewController.m in Sources */,
				1E363072156D3916005179E7 /* JSONKit.m in Sources */,
				1E95486415C8011800C35F24 /* BITSettingsViewController.m in Sources */,
			);
			runOnlyForDeploymentPostprocessing = 0;
		};
/* End PBXSourcesBuildPhase section */

/* Begin PBXTargetDependency section */
		1E95486615C8014200C35F24 /* PBXTargetDependency */ = {
			isa = PBXTargetDependency;
			name = HockeySDKResources;
			targetProxy = 1E95486515C8014200C35F24 /* PBXContainerItemProxy */;
		};
		1E9548A715C80A1800C35F24 /* PBXTargetDependency */ = {
			isa = PBXTargetDependency;
			name = HockeySDKLib;
			targetProxy = 1E9548A615C80A1800C35F24 /* PBXContainerItemProxy */;
		};
/* End PBXTargetDependency section */

/* Begin XCBuildConfiguration section */
		1E9A625A15504F2E00EE7C9D /* Debug */ = {
			isa = XCBuildConfiguration;
			buildSettings = {
				ALWAYS_SEARCH_USER_PATHS = YES;
				ARCHS = "$(ARCHS_STANDARD_32_BIT)";
				"CODE_SIGN_IDENTITY[sdk=iphoneos*]" = "iPhone Developer";
				COPY_PHASE_STRIP = NO;
				GCC_C_LANGUAGE_STANDARD = gnu99;
				GCC_DYNAMIC_NO_PIC = NO;
				GCC_OPTIMIZATION_LEVEL = 0;
				GCC_PREPROCESSOR_DEFINITIONS = (
					"DEBUG=1",
					"$(inherited)",
				);
				GCC_SYMBOLS_PRIVATE_EXTERN = NO;
				GCC_VERSION = com.apple.compilers.llvm.clang.1_0;
				GCC_WARN_ABOUT_RETURN_TYPE = YES;
				GCC_WARN_UNINITIALIZED_AUTOS = YES;
				GCC_WARN_UNUSED_VARIABLE = YES;
				HEADER_SEARCH_PATHS = "\"$(SRCROOT)/Vendor/HockeySDK/Classes\"/**";
				IPHONEOS_DEPLOYMENT_TARGET = 4.3;
				OTHER_LDFLAGS = (
					"-ObjC",
					"-all_load",
				);
				SDKROOT = iphoneos;
				TARGETED_DEVICE_FAMILY = "1,2";
			};
			name = Debug;
		};
		1E9A625B15504F2E00EE7C9D /* Release */ = {
			isa = XCBuildConfiguration;
			buildSettings = {
				ALWAYS_SEARCH_USER_PATHS = YES;
				ARCHS = "$(ARCHS_STANDARD_32_BIT)";
				"CODE_SIGN_IDENTITY[sdk=iphoneos*]" = "iPhone Developer";
				COPY_PHASE_STRIP = YES;
				GCC_C_LANGUAGE_STANDARD = gnu99;
				GCC_VERSION = com.apple.compilers.llvm.clang.1_0;
				GCC_WARN_ABOUT_RETURN_TYPE = YES;
				GCC_WARN_UNINITIALIZED_AUTOS = YES;
				GCC_WARN_UNUSED_VARIABLE = YES;
				HEADER_SEARCH_PATHS = "\"$(SRCROOT)/Vendor/HockeySDK/Classes\"/**";
				IPHONEOS_DEPLOYMENT_TARGET = 4.3;
				OTHER_CFLAGS = "-DNS_BLOCK_ASSERTIONS=1";
				OTHER_LDFLAGS = (
					"-ObjC",
					"-all_load",
				);
				SDKROOT = iphoneos;
				TARGETED_DEVICE_FAMILY = "1,2";
				VALIDATE_PRODUCT = YES;
			};
			name = Release;
		};
		1E9A625D15504F2E00EE7C9D /* Debug */ = {
			isa = XCBuildConfiguration;
			buildSettings = {
				FRAMEWORK_SEARCH_PATHS = (
					"$(inherited)",
					"\"$(SRCROOT)/Vendor/HockeySDK/Vendor\"",
				);
				GCC_PRECOMPILE_PREFIX_HEADER = YES;
				GCC_PREFIX_HEADER = "Resources/HockeySDK-iOSDemo-Prefix.pch";
				INFOPLIST_FILE = "Resources/HockeySDK-iOSDemo-Info.plist";
				PRODUCT_NAME = "$(TARGET_NAME)";
				WRAPPER_EXTENSION = app;
			};
			name = Debug;
		};
		1E9A625E15504F2E00EE7C9D /* Release */ = {
			isa = XCBuildConfiguration;
			buildSettings = {
				FRAMEWORK_SEARCH_PATHS = (
					"$(inherited)",
					"\"$(SRCROOT)/Vendor/HockeySDK/Vendor\"",
				);
				GCC_PRECOMPILE_PREFIX_HEADER = YES;
				GCC_PREFIX_HEADER = "Resources/HockeySDK-iOSDemo-Prefix.pch";
				INFOPLIST_FILE = "Resources/HockeySDK-iOSDemo-Info.plist";
				PRODUCT_NAME = "$(TARGET_NAME)";
				WRAPPER_EXTENSION = app;
			};
			name = Release;
		};
/* End XCBuildConfiguration section */

/* Begin XCConfigurationList section */
		1E9A623E15504F2E00EE7C9D /* Build configuration list for PBXProject "HockeySDK-iOSDemo" */ = {
			isa = XCConfigurationList;
			buildConfigurations = (
				1E9A625A15504F2E00EE7C9D /* Debug */,
				1E9A625B15504F2E00EE7C9D /* Release */,
			);
			defaultConfigurationIsVisible = 0;
			defaultConfigurationName = Release;
		};
		1E9A625C15504F2E00EE7C9D /* Build configuration list for PBXNativeTarget "HockeySDK-iOSDemo" */ = {
			isa = XCConfigurationList;
			buildConfigurations = (
				1E9A625D15504F2E00EE7C9D /* Debug */,
				1E9A625E15504F2E00EE7C9D /* Release */,
			);
			defaultConfigurationIsVisible = 0;
			defaultConfigurationName = Release;
		};
/* End XCConfigurationList section */
	};
	rootObject = 1E9A623B15504F2E00EE7C9D /* Project object */;
}
