// !$*UTF8*$!
{
	archiveVersion = 1;
	classes = {
	};
	objectVersion = 46;
	objects = {

/* Begin PBXBuildFile section */
		1E30AED8191A476800BE7AC9 /* QuickLook.framework in Frameworks */ = {isa = PBXBuildFile; fileRef = 1E30AED7191A476800BE7AC9 /* QuickLook.framework */; };
		1E30AEDF191A476D00BE7AC9 /* MobileCoreServices.framework in Frameworks */ = {isa = PBXBuildFile; fileRef = 1E30AEDE191A476D00BE7AC9 /* MobileCoreServices.framework */; };
		1E30AEE1191A477300BE7AC9 /* CoreGraphics.framework in Frameworks */ = {isa = PBXBuildFile; fileRef = 1E30AEE0191A477300BE7AC9 /* CoreGraphics.framework */; };
		1E30AEE3191A477A00BE7AC9 /* SystemConfiguration.framework in Frameworks */ = {isa = PBXBuildFile; fileRef = 1E30AEE2191A477A00BE7AC9 /* SystemConfiguration.framework */; };
		1E30AEE5191A478100BE7AC9 /* QuartzCore.framework in Frameworks */ = {isa = PBXBuildFile; fileRef = 1E30AEE4191A478100BE7AC9 /* QuartzCore.framework */; };
		1E3A2B4E196460E200D5BD66 /* CFNetwork.framework in Frameworks */ = {isa = PBXBuildFile; fileRef = 1E3A2B4D196460E200D5BD66 /* CFNetwork.framework */; };
		1E3A2B551964723600D5BD66 /* libHockeySDK.a in Frameworks */ = {isa = PBXBuildFile; fileRef = 1E7E599F15C7FCC100D63C84 /* libHockeySDK.a */; };
		1E3A2B561964725300D5BD66 /* CrashReporter.framework in Frameworks */ = {isa = PBXBuildFile; fileRef = 1E754E971622209D0070AB92 /* CrashReporter.framework */; };
		1E546FAC196C79140081E763 /* Images.xcassets in Resources */ = {isa = PBXBuildFile; fileRef = 1E546FAB196C79140081E763 /* Images.xcassets */; };
		1E6E93EF1814177D00F8456E /* BITBetaUpdatesViewController.m in Sources */ = {isa = PBXBuildFile; fileRef = 1E6E93ED1814177D00F8456E /* BITBetaUpdatesViewController.m */; };
		1E6E93F01814177D00F8456E /* BITBetaUpdatesViewController.xib in Resources */ = {isa = PBXBuildFile; fileRef = 1E6E93EE1814177D00F8456E /* BITBetaUpdatesViewController.xib */; };
		1E6E93F41814192A00F8456E /* BITFeedbackViewController.m in Sources */ = {isa = PBXBuildFile; fileRef = 1E6E93F21814192A00F8456E /* BITFeedbackViewController.m */; };
		1E6E93F51814192A00F8456E /* BITFeedbackViewController.xib in Resources */ = {isa = PBXBuildFile; fileRef = 1E6E93F31814192A00F8456E /* BITFeedbackViewController.xib */; };
		1E6E93F91814193D00F8456E /* BITCrashReportsViewController.m in Sources */ = {isa = PBXBuildFile; fileRef = 1E6E93F71814193D00F8456E /* BITCrashReportsViewController.m */; };
		1E6E93FA1814193D00F8456E /* BITCrashReportsViewController.xib in Resources */ = {isa = PBXBuildFile; fileRef = 1E6E93F81814193D00F8456E /* BITCrashReportsViewController.xib */; };
		1E6E93FE18142D0000F8456E /* BITStoreUpdatesViewController.m in Sources */ = {isa = PBXBuildFile; fileRef = 1E6E93FC18142D0000F8456E /* BITStoreUpdatesViewController.m */; };
		1E6E93FF18142D0000F8456E /* BITStoreUpdatesViewController.xib in Resources */ = {isa = PBXBuildFile; fileRef = 1E6E93FD18142D0000F8456E /* BITStoreUpdatesViewController.xib */; };
		1E72EFE71936B0DA00DC6301 /* 29x29.png in Resources */ = {isa = PBXBuildFile; fileRef = 1E72EFDF1936B0DA00DC6301 /* 29x29.png */; };
		1E72EFE81936B0DA00DC6301 /* 57x57.png in Resources */ = {isa = PBXBuildFile; fileRef = 1E72EFE01936B0DA00DC6301 /* 57x57.png */; };
		1E72EFE91936B0DA00DC6301 /* 58x58.png in Resources */ = {isa = PBXBuildFile; fileRef = 1E72EFE11936B0DA00DC6301 /* 58x58.png */; };
		1E72EFEA1936B0DA00DC6301 /* 72x72.png in Resources */ = {isa = PBXBuildFile; fileRef = 1E72EFE21936B0DA00DC6301 /* 72x72.png */; };
		1E72EFEB1936B0DA00DC6301 /* 80x80.png in Resources */ = {isa = PBXBuildFile; fileRef = 1E72EFE31936B0DA00DC6301 /* 80x80.png */; };
		1E72EFEC1936B0DA00DC6301 /* 114x114.png in Resources */ = {isa = PBXBuildFile; fileRef = 1E72EFE41936B0DA00DC6301 /* 114x114.png */; };
		1E72EFED1936B0DA00DC6301 /* 120x120.png in Resources */ = {isa = PBXBuildFile; fileRef = 1E72EFE51936B0DA00DC6301 /* 120x120.png */; };
		1E72EFEE1936B0DA00DC6301 /* 144x144.png in Resources */ = {isa = PBXBuildFile; fileRef = 1E72EFE61936B0DA00DC6301 /* 144x144.png */; };
		1E754E7216221B030070AB92 /* HockeySDKResources.bundle in Resources */ = {isa = PBXBuildFile; fileRef = 1E7E59A515C7FCC100D63C84 /* HockeySDKResources.bundle */; };
		1E95486415C8011800C35F24 /* BITSettingsViewController.m in Sources */ = {isa = PBXBuildFile; fileRef = 1E95486315C8011800C35F24 /* BITSettingsViewController.m */; };
		1E9A624915504F2E00EE7C9D /* UIKit.framework in Frameworks */ = {isa = PBXBuildFile; fileRef = 1E9A624815504F2E00EE7C9D /* UIKit.framework */; };
		1E9A624B15504F2E00EE7C9D /* Foundation.framework in Frameworks */ = {isa = PBXBuildFile; fileRef = 1E9A624A15504F2E00EE7C9D /* Foundation.framework */; };
		1E9A62941550533600EE7C9D /* main.m in Sources */ = {isa = PBXBuildFile; fileRef = 1E9A62931550533600EE7C9D /* main.m */; };
		1E9A6298155053DA00EE7C9D /* BITAppDelegate.m in Sources */ = {isa = PBXBuildFile; fileRef = 1E9A6297155053DA00EE7C9D /* BITAppDelegate.m */; };
		1E9A629F1550544900EE7C9D /* BITDemoViewController.m in Sources */ = {isa = PBXBuildFile; fileRef = 1E9A629D1550544900EE7C9D /* BITDemoViewController.m */; };
		1E9A62A01550544900EE7C9D /* BITDemoViewController.xib in Resources */ = {isa = PBXBuildFile; fileRef = 1E9A629E1550544900EE7C9D /* BITDemoViewController.xib */; };
		1E9A62C3155059D500EE7C9D /* MainWindow.xib in Resources */ = {isa = PBXBuildFile; fileRef = 1E9A62C2155059D500EE7C9D /* MainWindow.xib */; };
		1EB52FC6167B741F00C801D5 /* Localizable.strings in Resources */ = {isa = PBXBuildFile; fileRef = 1EB52FC4167B741F00C801D5 /* Localizable.strings */; };
		1EB5D9611932A1C200DAA3EC /* AssetsLibrary.framework in Frameworks */ = {isa = PBXBuildFile; fileRef = 1EB5D9601932A1C200DAA3EC /* AssetsLibrary.framework */; };
		1EDAD46F19D0492E0051A9A7 /* LaunchScreen.storyboard in Resources */ = {isa = PBXBuildFile; fileRef = 1EDAD46E19D0492E0051A9A7 /* LaunchScreen.storyboard */; };
		6C65DFCA19D2F3A000467082 /* NotificationCenter.framework in Frameworks */ = {isa = PBXBuildFile; fileRef = 6C65DFC919D2F3A000467082 /* NotificationCenter.framework */; };
		6C65DFD019D2F3A000467082 /* TodayViewController.m in Sources */ = {isa = PBXBuildFile; fileRef = 6C65DFCF19D2F3A000467082 /* TodayViewController.m */; };
		6C65DFD219D2F3A000467082 /* MainInterface.storyboard in Resources */ = {isa = PBXBuildFile; fileRef = 6C65DFD119D2F3A000467082 /* MainInterface.storyboard */; };
		6C65DFD519D2F3A000467082 /* iOSDemo-Today.appex in Embed App Extensions */ = {isa = PBXBuildFile; fileRef = 6C65DFC819D2F3A000467082 /* iOSDemo-Today.appex */; settings = {ATTRIBUTES = (RemoveHeadersOnCopy, ); }; };
		6C65DFE219D2F7AD00467082 /* CrashReporter.framework in Frameworks */ = {isa = PBXBuildFile; fileRef = 1E754E971622209D0070AB92 /* CrashReporter.framework */; };
		6C65DFE519D2F80300467082 /* libHockeySDK.a in Frameworks */ = {isa = PBXBuildFile; fileRef = 1E7E599F15C7FCC100D63C84 /* libHockeySDK.a */; };
		6C65DFE619D2F93200467082 /* HockeySDKResources.bundle in Resources */ = {isa = PBXBuildFile; fileRef = 1E7E59A515C7FCC100D63C84 /* HockeySDKResources.bundle */; };
		E43264E3180C07EC005E3820 /* BITAuthenticatorDemoViewController.m in Sources */ = {isa = PBXBuildFile; fileRef = E43264E1180C07EC005E3820 /* BITAuthenticatorDemoViewController.m */; };
		E43264E4180C07EC005E3820 /* BITAuthenticatorDemoViewController.xib in Resources */ = {isa = PBXBuildFile; fileRef = E43264E2180C07EC005E3820 /* BITAuthenticatorDemoViewController.xib */; };
/* End PBXBuildFile section */

/* Begin PBXContainerItemProxy section */
		1E0F95A617E133F300CF4754 /* PBXContainerItemProxy */ = {
			isa = PBXContainerItemProxy;
			containerPortal = 1E9A62AF155056A800EE7C9D /* HockeySDK.xcodeproj */;
			proxyType = 2;
			remoteGlobalIDString = 1E5A459016F0DFC200B55C04;
			remoteInfo = HockeySDKTests;
		};
		1E7E599E15C7FCC100D63C84 /* PBXContainerItemProxy */ = {
			isa = PBXContainerItemProxy;
			containerPortal = 1E9A62AF155056A800EE7C9D /* HockeySDK.xcodeproj */;
			proxyType = 2;
			remoteGlobalIDString = 1E59544115B6C3DC00A03429;
			remoteInfo = HockeySDK;
		};
		1E7E59A415C7FCC100D63C84 /* PBXContainerItemProxy */ = {
			isa = PBXContainerItemProxy;
			containerPortal = 1E9A62AF155056A800EE7C9D /* HockeySDK.xcodeproj */;
			proxyType = 2;
			remoteGlobalIDString = 1E59550A15B6F45800A03429;
			remoteInfo = HockeySDKResources;
		};
		6C65DFD319D2F3A000467082 /* PBXContainerItemProxy */ = {
			isa = PBXContainerItemProxy;
			containerPortal = 1E9A623B15504F2E00EE7C9D /* Project object */;
			proxyType = 1;
			remoteGlobalIDString = 6C65DFC719D2F3A000467082;
			remoteInfo = "iOSDemo-Today";
		};
		6C65DFD619D2F3A000467082 /* PBXContainerItemProxy */ = {
			isa = PBXContainerItemProxy;
			containerPortal = 1E9A623B15504F2E00EE7C9D /* Project object */;
			proxyType = 1;
			remoteGlobalIDString = 6C65DFC719D2F3A000467082;
			remoteInfo = "iOSDemo-Today";
		};
/* End PBXContainerItemProxy section */

/* Begin PBXCopyFilesBuildPhase section */
		6C65DFE119D2F3A000467082 /* Embed App Extensions */ = {
			isa = PBXCopyFilesBuildPhase;
			buildActionMask = 2147483647;
			dstPath = "";
			dstSubfolderSpec = 13;
			files = (
				6C65DFD519D2F3A000467082 /* iOSDemo-Today.appex in Embed App Extensions */,
			);
			name = "Embed App Extensions";
			runOnlyForDeploymentPostprocessing = 0;
		};
/* End PBXCopyFilesBuildPhase section */

/* Begin PBXFileReference section */
		1E20A585181EC68F00D5B770 /* nl */ = {isa = PBXFileReference; lastKnownFileType = text.plist.strings; name = nl; path = nl.lproj/Localizable.strings; sourceTree = "<group>"; };
		1E30AED7191A476800BE7AC9 /* QuickLook.framework */ = {isa = PBXFileReference; lastKnownFileType = wrapper.framework; name = QuickLook.framework; path = System/Library/Frameworks/QuickLook.framework; sourceTree = SDKROOT; };
		1E30AEDE191A476D00BE7AC9 /* MobileCoreServices.framework */ = {isa = PBXFileReference; lastKnownFileType = wrapper.framework; name = MobileCoreServices.framework; path = System/Library/Frameworks/MobileCoreServices.framework; sourceTree = SDKROOT; };
		1E30AEE0191A477300BE7AC9 /* CoreGraphics.framework */ = {isa = PBXFileReference; lastKnownFileType = wrapper.framework; name = CoreGraphics.framework; path = System/Library/Frameworks/CoreGraphics.framework; sourceTree = SDKROOT; };
		1E30AEE2191A477A00BE7AC9 /* SystemConfiguration.framework */ = {isa = PBXFileReference; lastKnownFileType = wrapper.framework; name = SystemConfiguration.framework; path = System/Library/Frameworks/SystemConfiguration.framework; sourceTree = SDKROOT; };
		1E30AEE4191A478100BE7AC9 /* QuartzCore.framework */ = {isa = PBXFileReference; lastKnownFileType = wrapper.framework; name = QuartzCore.framework; path = System/Library/Frameworks/QuartzCore.framework; sourceTree = SDKROOT; };
		1E3A2B4D196460E200D5BD66 /* CFNetwork.framework */ = {isa = PBXFileReference; lastKnownFileType = wrapper.framework; name = CFNetwork.framework; path = System/Library/Frameworks/CFNetwork.framework; sourceTree = SDKROOT; };
		1E546FAB196C79140081E763 /* Images.xcassets */ = {isa = PBXFileReference; lastKnownFileType = folder.assetcatalog; name = Images.xcassets; path = Resources/Images.xcassets; sourceTree = "<group>"; };
		1E6DDCF3169E29370076C65D /* ro */ = {isa = PBXFileReference; lastKnownFileType = text.plist.strings; name = ro; path = ro.lproj/Localizable.strings; sourceTree = "<group>"; };
		1E6E93EC1814177D00F8456E /* BITBetaUpdatesViewController.h */ = {isa = PBXFileReference; fileEncoding = 4; lastKnownFileType = sourcecode.c.h; path = BITBetaUpdatesViewController.h; sourceTree = "<group>"; };
		1E6E93ED1814177D00F8456E /* BITBetaUpdatesViewController.m */ = {isa = PBXFileReference; fileEncoding = 4; lastKnownFileType = sourcecode.c.objc; path = BITBetaUpdatesViewController.m; sourceTree = "<group>"; };
		1E6E93EE1814177D00F8456E /* BITBetaUpdatesViewController.xib */ = {isa = PBXFileReference; fileEncoding = 4; lastKnownFileType = file.xib; path = BITBetaUpdatesViewController.xib; sourceTree = "<group>"; };
		1E6E93F11814192A00F8456E /* BITFeedbackViewController.h */ = {isa = PBXFileReference; fileEncoding = 4; lastKnownFileType = sourcecode.c.h; path = BITFeedbackViewController.h; sourceTree = "<group>"; };
		1E6E93F21814192A00F8456E /* BITFeedbackViewController.m */ = {isa = PBXFileReference; fileEncoding = 4; lastKnownFileType = sourcecode.c.objc; path = BITFeedbackViewController.m; sourceTree = "<group>"; };
		1E6E93F31814192A00F8456E /* BITFeedbackViewController.xib */ = {isa = PBXFileReference; fileEncoding = 4; lastKnownFileType = file.xib; path = BITFeedbackViewController.xib; sourceTree = "<group>"; };
		1E6E93F61814193D00F8456E /* BITCrashReportsViewController.h */ = {isa = PBXFileReference; fileEncoding = 4; lastKnownFileType = sourcecode.c.h; path = BITCrashReportsViewController.h; sourceTree = "<group>"; };
		1E6E93F71814193D00F8456E /* BITCrashReportsViewController.m */ = {isa = PBXFileReference; fileEncoding = 4; lastKnownFileType = sourcecode.c.objc; path = BITCrashReportsViewController.m; sourceTree = "<group>"; };
		1E6E93F81814193D00F8456E /* BITCrashReportsViewController.xib */ = {isa = PBXFileReference; fileEncoding = 4; lastKnownFileType = file.xib; path = BITCrashReportsViewController.xib; sourceTree = "<group>"; };
		1E6E93FB18142D0000F8456E /* BITStoreUpdatesViewController.h */ = {isa = PBXFileReference; fileEncoding = 4; lastKnownFileType = sourcecode.c.h; path = BITStoreUpdatesViewController.h; sourceTree = "<group>"; };
		1E6E93FC18142D0000F8456E /* BITStoreUpdatesViewController.m */ = {isa = PBXFileReference; fileEncoding = 4; lastKnownFileType = sourcecode.c.objc; path = BITStoreUpdatesViewController.m; sourceTree = "<group>"; };
		1E6E93FD18142D0000F8456E /* BITStoreUpdatesViewController.xib */ = {isa = PBXFileReference; fileEncoding = 4; lastKnownFileType = file.xib; path = BITStoreUpdatesViewController.xib; sourceTree = "<group>"; };
		1E72EFDF1936B0DA00DC6301 /* 29x29.png */ = {isa = PBXFileReference; lastKnownFileType = image.png; name = 29x29.png; path = Resources/29x29.png; sourceTree = SOURCE_ROOT; };
		1E72EFE01936B0DA00DC6301 /* 57x57.png */ = {isa = PBXFileReference; lastKnownFileType = image.png; name = 57x57.png; path = Resources/57x57.png; sourceTree = SOURCE_ROOT; };
		1E72EFE11936B0DA00DC6301 /* 58x58.png */ = {isa = PBXFileReference; lastKnownFileType = image.png; name = 58x58.png; path = Resources/58x58.png; sourceTree = SOURCE_ROOT; };
		1E72EFE21936B0DA00DC6301 /* 72x72.png */ = {isa = PBXFileReference; lastKnownFileType = image.png; name = 72x72.png; path = Resources/72x72.png; sourceTree = SOURCE_ROOT; };
		1E72EFE31936B0DA00DC6301 /* 80x80.png */ = {isa = PBXFileReference; lastKnownFileType = image.png; name = 80x80.png; path = Resources/80x80.png; sourceTree = SOURCE_ROOT; };
		1E72EFE41936B0DA00DC6301 /* 114x114.png */ = {isa = PBXFileReference; lastKnownFileType = image.png; name = 114x114.png; path = Resources/114x114.png; sourceTree = SOURCE_ROOT; };
		1E72EFE51936B0DA00DC6301 /* 120x120.png */ = {isa = PBXFileReference; lastKnownFileType = image.png; name = 120x120.png; path = Resources/120x120.png; sourceTree = SOURCE_ROOT; };
		1E72EFE61936B0DA00DC6301 /* 144x144.png */ = {isa = PBXFileReference; lastKnownFileType = image.png; name = 144x144.png; path = Resources/144x144.png; sourceTree = SOURCE_ROOT; };
		1E754E8016221BFB0070AB92 /* HockeyDemo.xcconfig */ = {isa = PBXFileReference; lastKnownFileType = text.xcconfig; name = HockeyDemo.xcconfig; path = Resources/HockeyDemo.xcconfig; sourceTree = SOURCE_ROOT; };
		1E754E971622209D0070AB92 /* CrashReporter.framework */ = {isa = PBXFileReference; lastKnownFileType = wrapper.framework; name = CrashReporter.framework; path = Vendor/HockeySDK/Vendor/CrashReporter.framework; sourceTree = "<group>"; };
		1E95486315C8011800C35F24 /* BITSettingsViewController.m */ = {isa = PBXFileReference; fileEncoding = 4; lastKnownFileType = sourcecode.c.objc; path = BITSettingsViewController.m; sourceTree = "<group>"; };
		1E95486915C8038500C35F24 /* BITAppDelegate.h */ = {isa = PBXFileReference; lastKnownFileType = sourcecode.c.h; path = BITAppDelegate.h; sourceTree = "<group>"; };
		1E9A624415504F2E00EE7C9D /* HockeySDK-iOSDemo.app */ = {isa = PBXFileReference; explicitFileType = wrapper.application; includeInIndex = 0; path = "HockeySDK-iOSDemo.app"; sourceTree = BUILT_PRODUCTS_DIR; };
		1E9A624815504F2E00EE7C9D /* UIKit.framework */ = {isa = PBXFileReference; lastKnownFileType = wrapper.framework; name = UIKit.framework; path = System/Library/Frameworks/UIKit.framework; sourceTree = SDKROOT; };
		1E9A624A15504F2E00EE7C9D /* Foundation.framework */ = {isa = PBXFileReference; lastKnownFileType = wrapper.framework; name = Foundation.framework; path = System/Library/Frameworks/Foundation.framework; sourceTree = SDKROOT; };
		1E9A62931550533600EE7C9D /* main.m */ = {isa = PBXFileReference; fileEncoding = 4; lastKnownFileType = sourcecode.c.objc; path = main.m; sourceTree = SOURCE_ROOT; };
		1E9A6297155053DA00EE7C9D /* BITAppDelegate.m */ = {isa = PBXFileReference; fileEncoding = 4; lastKnownFileType = sourcecode.c.objc; path = BITAppDelegate.m; sourceTree = "<group>"; };
		1E9A629C1550544900EE7C9D /* BITDemoViewController.h */ = {isa = PBXFileReference; fileEncoding = 4; lastKnownFileType = sourcecode.c.h; path = BITDemoViewController.h; sourceTree = "<group>"; };
		1E9A629D1550544900EE7C9D /* BITDemoViewController.m */ = {isa = PBXFileReference; fileEncoding = 4; lastKnownFileType = sourcecode.c.objc; path = BITDemoViewController.m; sourceTree = "<group>"; };
		1E9A629E1550544900EE7C9D /* BITDemoViewController.xib */ = {isa = PBXFileReference; fileEncoding = 4; lastKnownFileType = file.xib; path = BITDemoViewController.xib; sourceTree = "<group>"; };
		1E9A62A11550546300EE7C9D /* BITSettingsViewController.h */ = {isa = PBXFileReference; fileEncoding = 4; lastKnownFileType = sourcecode.c.h; path = BITSettingsViewController.h; sourceTree = "<group>"; };
		1E9A62AF155056A800EE7C9D /* HockeySDK.xcodeproj */ = {isa = PBXFileReference; lastKnownFileType = "wrapper.pb-project"; name = HockeySDK.xcodeproj; path = Vendor/HockeySDK/Support/HockeySDK.xcodeproj; sourceTree = "<group>"; };
		1E9A62C2155059D500EE7C9D /* MainWindow.xib */ = {isa = PBXFileReference; fileEncoding = 4; lastKnownFileType = file.xib; name = MainWindow.xib; path = Resources/MainWindow.xib; sourceTree = SOURCE_ROOT; };
		1EA512DE167F7EF000FC9FBA /* zh-Hans */ = {isa = PBXFileReference; lastKnownFileType = text.plist.strings; name = "zh-Hans"; path = "zh-Hans.lproj/Localizable.strings"; sourceTree = "<group>"; };
		1EB52FC5167B741F00C801D5 /* en */ = {isa = PBXFileReference; lastKnownFileType = text.plist.strings; name = en; path = en.lproj/Localizable.strings; sourceTree = SOURCE_ROOT; };
		1EB52FCB167B742A00C801D5 /* de */ = {isa = PBXFileReference; lastKnownFileType = text.plist.strings; name = de; path = de.lproj/Localizable.strings; sourceTree = "<group>"; };
		1EB52FCC167B745000C801D5 /* es */ = {isa = PBXFileReference; lastKnownFileType = text.plist.strings; name = es; path = es.lproj/Localizable.strings; sourceTree = "<group>"; };
		1EB52FCD167B745C00C801D5 /* fr */ = {isa = PBXFileReference; lastKnownFileType = text.plist.strings; name = fr; path = fr.lproj/Localizable.strings; sourceTree = "<group>"; };
		1EB52FCE167B746700C801D5 /* it */ = {isa = PBXFileReference; lastKnownFileType = text.plist.strings; name = it; path = it.lproj/Localizable.strings; sourceTree = "<group>"; };
		1EB52FCF167B747100C801D5 /* hr */ = {isa = PBXFileReference; lastKnownFileType = text.plist.strings; name = hr; path = hr.lproj/Localizable.strings; sourceTree = "<group>"; };
		1EB52FD0167B748400C801D5 /* ja */ = {isa = PBXFileReference; lastKnownFileType = text.plist.strings; name = ja; path = ja.lproj/Localizable.strings; sourceTree = "<group>"; };
		1EB52FD1167B74A400C801D5 /* ru */ = {isa = PBXFileReference; lastKnownFileType = text.plist.strings; name = ru; path = ru.lproj/Localizable.strings; sourceTree = "<group>"; };
		1EB52FD2167B74AC00C801D5 /* pt */ = {isa = PBXFileReference; lastKnownFileType = text.plist.strings; name = pt; path = pt.lproj/Localizable.strings; sourceTree = "<group>"; };
		1EB52FD3167B74B700C801D5 /* pt-PT */ = {isa = PBXFileReference; lastKnownFileType = text.plist.strings; name = "pt-PT"; path = "pt-PT.lproj/Localizable.strings"; sourceTree = "<group>"; };
		1EB5D9601932A1C200DAA3EC /* AssetsLibrary.framework */ = {isa = PBXFileReference; lastKnownFileType = wrapper.framework; name = AssetsLibrary.framework; path = System/Library/Frameworks/AssetsLibrary.framework; sourceTree = SDKROOT; };
		1EB9352F16C52CA800365D8F /* hu */ = {isa = PBXFileReference; lastKnownFileType = text.plist.strings; name = hu; path = hu.lproj/Localizable.strings; sourceTree = "<group>"; };
		1ED8B40E15F3E875002CB229 /* SenTestingKit.framework */ = {isa = PBXFileReference; lastKnownFileType = wrapper.framework; name = SenTestingKit.framework; path = Library/Frameworks/SenTestingKit.framework; sourceTree = DEVELOPER_DIR; };
		1EDAD46E19D0492E0051A9A7 /* LaunchScreen.storyboard */ = {isa = PBXFileReference; fileEncoding = 4; lastKnownFileType = file.storyboard; name = LaunchScreen.storyboard; path = ../Resources/LaunchScreen.storyboard; sourceTree = "<group>"; };
		6C65DFC819D2F3A000467082 /* iOSDemo-Today.appex */ = {isa = PBXFileReference; explicitFileType = "wrapper.app-extension"; includeInIndex = 0; path = "iOSDemo-Today.appex"; sourceTree = BUILT_PRODUCTS_DIR; };
		6C65DFC919D2F3A000467082 /* NotificationCenter.framework */ = {isa = PBXFileReference; lastKnownFileType = wrapper.framework; name = NotificationCenter.framework; path = System/Library/Frameworks/NotificationCenter.framework; sourceTree = SDKROOT; };
		6C65DFCD19D2F3A000467082 /* Info.plist */ = {isa = PBXFileReference; lastKnownFileType = text.plist.xml; path = Info.plist; sourceTree = "<group>"; };
		6C65DFCE19D2F3A000467082 /* TodayViewController.h */ = {isa = PBXFileReference; lastKnownFileType = sourcecode.c.h; path = TodayViewController.h; sourceTree = "<group>"; };
		6C65DFCF19D2F3A000467082 /* TodayViewController.m */ = {isa = PBXFileReference; lastKnownFileType = sourcecode.c.objc; path = TodayViewController.m; sourceTree = "<group>"; };
		6C65DFD119D2F3A000467082 /* MainInterface.storyboard */ = {isa = PBXFileReference; lastKnownFileType = file.storyboard; path = MainInterface.storyboard; sourceTree = "<group>"; };
		E43264E0180C07EC005E3820 /* BITAuthenticatorDemoViewController.h */ = {isa = PBXFileReference; fileEncoding = 4; lastKnownFileType = sourcecode.c.h; path = BITAuthenticatorDemoViewController.h; sourceTree = "<group>"; };
		E43264E1180C07EC005E3820 /* BITAuthenticatorDemoViewController.m */ = {isa = PBXFileReference; fileEncoding = 4; lastKnownFileType = sourcecode.c.objc; path = BITAuthenticatorDemoViewController.m; sourceTree = "<group>"; };
		E43264E2180C07EC005E3820 /* BITAuthenticatorDemoViewController.xib */ = {isa = PBXFileReference; fileEncoding = 4; lastKnownFileType = file.xib; path = BITAuthenticatorDemoViewController.xib; sourceTree = "<group>"; };
/* End PBXFileReference section */

/* Begin PBXFrameworksBuildPhase section */
		1E9A624115504F2E00EE7C9D /* Frameworks */ = {
			isa = PBXFrameworksBuildPhase;
			buildActionMask = 2147483647;
			files = (
				1E3A2B561964725300D5BD66 /* CrashReporter.framework in Frameworks */,
				1E3A2B551964723600D5BD66 /* libHockeySDK.a in Frameworks */,
				1E3A2B4E196460E200D5BD66 /* CFNetwork.framework in Frameworks */,
				1EB5D9611932A1C200DAA3EC /* AssetsLibrary.framework in Frameworks */,
				1E30AEE5191A478100BE7AC9 /* QuartzCore.framework in Frameworks */,
				1E30AEE3191A477A00BE7AC9 /* SystemConfiguration.framework in Frameworks */,
				1E30AEE1191A477300BE7AC9 /* CoreGraphics.framework in Frameworks */,
				1E30AEDF191A476D00BE7AC9 /* MobileCoreServices.framework in Frameworks */,
				1E30AED8191A476800BE7AC9 /* QuickLook.framework in Frameworks */,
				1E9A624B15504F2E00EE7C9D /* Foundation.framework in Frameworks */,
				1E9A624915504F2E00EE7C9D /* UIKit.framework in Frameworks */,
			);
			runOnlyForDeploymentPostprocessing = 0;
		};
		6C65DFC519D2F3A000467082 /* Frameworks */ = {
			isa = PBXFrameworksBuildPhase;
			buildActionMask = 2147483647;
			files = (
				6C65DFE519D2F80300467082 /* libHockeySDK.a in Frameworks */,
				6C65DFCA19D2F3A000467082 /* NotificationCenter.framework in Frameworks */,
				6C65DFE219D2F7AD00467082 /* CrashReporter.framework in Frameworks */,
			);
			runOnlyForDeploymentPostprocessing = 0;
		};
/* End PBXFrameworksBuildPhase section */

/* Begin PBXGroup section */
		1E9A623915504F2E00EE7C9D = {
			isa = PBXGroup;
			children = (
				1E546FAB196C79140081E763 /* Images.xcassets */,
				1E9A6295155053DA00EE7C9D /* Classes */,
				1E9A624F15504F2E00EE7C9D /* Ressources */,
				6C65DFCB19D2F3A000467082 /* iOSDemo-Today */,
				1E9A624715504F2E00EE7C9D /* Frameworks */,
				1E9A624515504F2E00EE7C9D /* Products */,
				1E9A62AF155056A800EE7C9D /* HockeySDK.xcodeproj */,
			);
			sourceTree = "<group>";
		};
		1E9A624515504F2E00EE7C9D /* Products */ = {
			isa = PBXGroup;
			children = (
				1E9A624415504F2E00EE7C9D /* HockeySDK-iOSDemo.app */,
				6C65DFC819D2F3A000467082 /* iOSDemo-Today.appex */,
			);
			name = Products;
			sourceTree = "<group>";
		};
		1E9A624715504F2E00EE7C9D /* Frameworks */ = {
			isa = PBXGroup;
			children = (
				1E3A2B4D196460E200D5BD66 /* CFNetwork.framework */,
				1EB5D9601932A1C200DAA3EC /* AssetsLibrary.framework */,
				1E30AEE4191A478100BE7AC9 /* QuartzCore.framework */,
				1E30AEE2191A477A00BE7AC9 /* SystemConfiguration.framework */,
				1E30AEE0191A477300BE7AC9 /* CoreGraphics.framework */,
				1E30AEDE191A476D00BE7AC9 /* MobileCoreServices.framework */,
				1E30AED7191A476800BE7AC9 /* QuickLook.framework */,
				1E754E971622209D0070AB92 /* CrashReporter.framework */,
				1E9A624A15504F2E00EE7C9D /* Foundation.framework */,
				1E9A624815504F2E00EE7C9D /* UIKit.framework */,
				1ED8B40E15F3E875002CB229 /* SenTestingKit.framework */,
				6C65DFC919D2F3A000467082 /* NotificationCenter.framework */,
			);
			name = Frameworks;
			sourceTree = "<group>";
		};
		1E9A624F15504F2E00EE7C9D /* Ressources */ = {
			isa = PBXGroup;
			children = (
				1EDAD46E19D0492E0051A9A7 /* LaunchScreen.storyboard */,
				1E72EFDF1936B0DA00DC6301 /* 29x29.png */,
				1E72EFE01936B0DA00DC6301 /* 57x57.png */,
				1E72EFE11936B0DA00DC6301 /* 58x58.png */,
				1E72EFE21936B0DA00DC6301 /* 72x72.png */,
				1E72EFE31936B0DA00DC6301 /* 80x80.png */,
				1E72EFE41936B0DA00DC6301 /* 114x114.png */,
				1E72EFE51936B0DA00DC6301 /* 120x120.png */,
				1E72EFE61936B0DA00DC6301 /* 144x144.png */,
				1EB52FC4167B741F00C801D5 /* Localizable.strings */,
				1E754E8016221BFB0070AB92 /* HockeyDemo.xcconfig */,
				1E9A62C2155059D500EE7C9D /* MainWindow.xib */,
				1E9A62931550533600EE7C9D /* main.m */,
			);
			name = Ressources;
			path = "HockeySDK-iOSDemo";
			sourceTree = "<group>";
		};
		1E9A6295155053DA00EE7C9D /* Classes */ = {
			isa = PBXGroup;
			children = (
				1E95486915C8038500C35F24 /* BITAppDelegate.h */,
				1E9A6297155053DA00EE7C9D /* BITAppDelegate.m */,
				1E9A629C1550544900EE7C9D /* BITDemoViewController.h */,
				1E9A629D1550544900EE7C9D /* BITDemoViewController.m */,
				1E9A629E1550544900EE7C9D /* BITDemoViewController.xib */,
				E43264E0180C07EC005E3820 /* BITAuthenticatorDemoViewController.h */,
				E43264E1180C07EC005E3820 /* BITAuthenticatorDemoViewController.m */,
				E43264E2180C07EC005E3820 /* BITAuthenticatorDemoViewController.xib */,
				1E6E93EC1814177D00F8456E /* BITBetaUpdatesViewController.h */,
				1E6E93ED1814177D00F8456E /* BITBetaUpdatesViewController.m */,
				1E6E93EE1814177D00F8456E /* BITBetaUpdatesViewController.xib */,
				1E6E93F11814192A00F8456E /* BITFeedbackViewController.h */,
				1E6E93F21814192A00F8456E /* BITFeedbackViewController.m */,
				1E6E93F31814192A00F8456E /* BITFeedbackViewController.xib */,
				1E6E93F61814193D00F8456E /* BITCrashReportsViewController.h */,
				1E6E93F71814193D00F8456E /* BITCrashReportsViewController.m */,
				1E6E93F81814193D00F8456E /* BITCrashReportsViewController.xib */,
				1E6E93FB18142D0000F8456E /* BITStoreUpdatesViewController.h */,
				1E6E93FC18142D0000F8456E /* BITStoreUpdatesViewController.m */,
				1E6E93FD18142D0000F8456E /* BITStoreUpdatesViewController.xib */,
				1E9A62A11550546300EE7C9D /* BITSettingsViewController.h */,
				1E95486315C8011800C35F24 /* BITSettingsViewController.m */,
			);
			path = Classes;
			sourceTree = "<group>";
		};
		1E9A62B0155056A800EE7C9D /* Products */ = {
			isa = PBXGroup;
			children = (
				1E7E599F15C7FCC100D63C84 /* libHockeySDK.a */,
				1E7E59A515C7FCC100D63C84 /* HockeySDKResources.bundle */,
				1E0F95A717E133F300CF4754 /* HockeySDKTests.xctest */,
			);
			name = Products;
			sourceTree = "<group>";
		};
		6C65DFCB19D2F3A000467082 /* iOSDemo-Today */ = {
			isa = PBXGroup;
			children = (
				6C65DFCE19D2F3A000467082 /* TodayViewController.h */,
				6C65DFCF19D2F3A000467082 /* TodayViewController.m */,
				6C65DFD119D2F3A000467082 /* MainInterface.storyboard */,
				6C65DFCC19D2F3A000467082 /* Supporting Files */,
			);
			path = "iOSDemo-Today";
			sourceTree = "<group>";
		};
		6C65DFCC19D2F3A000467082 /* Supporting Files */ = {
			isa = PBXGroup;
			children = (
				6C65DFCD19D2F3A000467082 /* Info.plist */,
			);
			name = "Supporting Files";
			sourceTree = "<group>";
		};
/* End PBXGroup section */

/* Begin PBXNativeTarget section */
		1E9A624315504F2E00EE7C9D /* HockeySDK-iOSDemo */ = {
			isa = PBXNativeTarget;
			buildConfigurationList = 1E9A625C15504F2E00EE7C9D /* Build configuration list for PBXNativeTarget "HockeySDK-iOSDemo" */;
			buildPhases = (
				1E9A624015504F2E00EE7C9D /* Sources */,
				1E9A624115504F2E00EE7C9D /* Frameworks */,
				1E9A624215504F2E00EE7C9D /* Resources */,
				6C65DFE119D2F3A000467082 /* Embed App Extensions */,
			);
			buildRules = (
			);
			dependencies = (
				6C65DFD419D2F3A000467082 /* PBXTargetDependency */,
				6C65DFD719D2F3A000467082 /* PBXTargetDependency */,
			);
			name = "HockeySDK-iOSDemo";
			productName = "HockeySDK-iOSDemo";
			productReference = 1E9A624415504F2E00EE7C9D /* HockeySDK-iOSDemo.app */;
			productType = "com.apple.product-type.application";
		};
		6C65DFC719D2F3A000467082 /* iOSDemo-Today */ = {
			isa = PBXNativeTarget;
			buildConfigurationList = 6C65DFE019D2F3A000467082 /* Build configuration list for PBXNativeTarget "iOSDemo-Today" */;
			buildPhases = (
				6C65DFC419D2F3A000467082 /* Sources */,
				6C65DFC519D2F3A000467082 /* Frameworks */,
				6C65DFC619D2F3A000467082 /* Resources */,
			);
			buildRules = (
			);
			dependencies = (
			);
			name = "iOSDemo-Today";
			productName = "iOSDemo-Today";
			productReference = 6C65DFC819D2F3A000467082 /* iOSDemo-Today.appex */;
			productType = "com.apple.product-type.app-extension";
		};
/* End PBXNativeTarget section */

/* Begin PBXProject section */
		1E9A623B15504F2E00EE7C9D /* Project object */ = {
			isa = PBXProject;
			attributes = {
				CLASSPREFIX = CNS;
				LastUpgradeCheck = 0600;
				TargetAttributes = {
					1E9A624315504F2E00EE7C9D = {
						DevelopmentTeam = W477SBT4VU;
						SystemCapabilities = {
							com.apple.BackgroundModes = {
								enabled = 0;
							};
						};
					};
					6C65DFC719D2F3A000467082 = {
						CreatedOnToolsVersion = 6.0.1;
						DevelopmentTeam = W477SBT4VU;
					};
				};
			};
			buildConfigurationList = 1E9A623E15504F2E00EE7C9D /* Build configuration list for PBXProject "HockeySDK-iOSDemo" */;
			compatibilityVersion = "Xcode 3.2";
			developmentRegion = English;
			hasScannedForEncodings = 0;
			knownRegions = (
				en,
				de,
				es,
				fr,
				it,
				hr,
				ja,
				ru,
				pt,
				"pt-PT",
				zh,
				"zh-Hans",
				ro,
				hu,
				nl,
			);
			mainGroup = 1E9A623915504F2E00EE7C9D;
			productRefGroup = 1E9A624515504F2E00EE7C9D /* Products */;
			projectDirPath = "";
			projectReferences = (
				{
					ProductGroup = 1E9A62B0155056A800EE7C9D /* Products */;
					ProjectRef = 1E9A62AF155056A800EE7C9D /* HockeySDK.xcodeproj */;
				},
			);
			projectRoot = "";
			targets = (
				1E9A624315504F2E00EE7C9D /* HockeySDK-iOSDemo */,
				6C65DFC719D2F3A000467082 /* iOSDemo-Today */,
			);
		};
/* End PBXProject section */

/* Begin PBXReferenceProxy section */
		1E0F95A717E133F300CF4754 /* HockeySDKTests.xctest */ = {
			isa = PBXReferenceProxy;
			fileType = wrapper.cfbundle;
			path = HockeySDKTests.xctest;
			remoteRef = 1E0F95A617E133F300CF4754 /* PBXContainerItemProxy */;
			sourceTree = BUILT_PRODUCTS_DIR;
		};
		1E7E599F15C7FCC100D63C84 /* libHockeySDK.a */ = {
			isa = PBXReferenceProxy;
			fileType = archive.ar;
			path = libHockeySDK.a;
			remoteRef = 1E7E599E15C7FCC100D63C84 /* PBXContainerItemProxy */;
			sourceTree = BUILT_PRODUCTS_DIR;
		};
		1E7E59A515C7FCC100D63C84 /* HockeySDKResources.bundle */ = {
			isa = PBXReferenceProxy;
			fileType = wrapper.cfbundle;
			path = HockeySDKResources.bundle;
			remoteRef = 1E7E59A415C7FCC100D63C84 /* PBXContainerItemProxy */;
			sourceTree = BUILT_PRODUCTS_DIR;
		};
/* End PBXReferenceProxy section */

/* Begin PBXResourcesBuildPhase section */
		1E9A624215504F2E00EE7C9D /* Resources */ = {
			isa = PBXResourcesBuildPhase;
			buildActionMask = 2147483647;
			files = (
				1E6E93F01814177D00F8456E /* BITBetaUpdatesViewController.xib in Resources */,
				1E72EFE71936B0DA00DC6301 /* 29x29.png in Resources */,
				1E72EFEC1936B0DA00DC6301 /* 114x114.png in Resources */,
				1E6E93FF18142D0000F8456E /* BITStoreUpdatesViewController.xib in Resources */,
				1E72EFEB1936B0DA00DC6301 /* 80x80.png in Resources */,
				1E6E93F51814192A00F8456E /* BITFeedbackViewController.xib in Resources */,
				1E72EFE81936B0DA00DC6301 /* 57x57.png in Resources */,
				1E9A62A01550544900EE7C9D /* BITDemoViewController.xib in Resources */,
				1E72EFEA1936B0DA00DC6301 /* 72x72.png in Resources */,
				1E72EFE91936B0DA00DC6301 /* 58x58.png in Resources */,
				E43264E4180C07EC005E3820 /* BITAuthenticatorDemoViewController.xib in Resources */,
				1E9A62C3155059D500EE7C9D /* MainWindow.xib in Resources */,
				1E754E7216221B030070AB92 /* HockeySDKResources.bundle in Resources */,
				1EDAD46F19D0492E0051A9A7 /* LaunchScreen.storyboard in Resources */,
				1E6E93FA1814193D00F8456E /* BITCrashReportsViewController.xib in Resources */,
				1E546FAC196C79140081E763 /* Images.xcassets in Resources */,
				1EB52FC6167B741F00C801D5 /* Localizable.strings in Resources */,
				1E72EFEE1936B0DA00DC6301 /* 144x144.png in Resources */,
				1E72EFED1936B0DA00DC6301 /* 120x120.png in Resources */,
			);
			runOnlyForDeploymentPostprocessing = 0;
		};
		6C65DFC619D2F3A000467082 /* Resources */ = {
			isa = PBXResourcesBuildPhase;
			buildActionMask = 2147483647;
			files = (
				6C65DFD219D2F3A000467082 /* MainInterface.storyboard in Resources */,
				6C65DFE619D2F93200467082 /* HockeySDKResources.bundle in Resources */,
			);
			runOnlyForDeploymentPostprocessing = 0;
		};
/* End PBXResourcesBuildPhase section */

/* Begin PBXSourcesBuildPhase section */
		1E9A624015504F2E00EE7C9D /* Sources */ = {
			isa = PBXSourcesBuildPhase;
			buildActionMask = 2147483647;
			files = (
				1E6E93FE18142D0000F8456E /* BITStoreUpdatesViewController.m in Sources */,
				1E6E93F91814193D00F8456E /* BITCrashReportsViewController.m in Sources */,
				1E9A62941550533600EE7C9D /* main.m in Sources */,
				1E9A6298155053DA00EE7C9D /* BITAppDelegate.m in Sources */,
				1E6E93F41814192A00F8456E /* BITFeedbackViewController.m in Sources */,
				1E9A629F1550544900EE7C9D /* BITDemoViewController.m in Sources */,
				1E6E93EF1814177D00F8456E /* BITBetaUpdatesViewController.m in Sources */,
				E43264E3180C07EC005E3820 /* BITAuthenticatorDemoViewController.m in Sources */,
				1E95486415C8011800C35F24 /* BITSettingsViewController.m in Sources */,
			);
			runOnlyForDeploymentPostprocessing = 0;
		};
		6C65DFC419D2F3A000467082 /* Sources */ = {
			isa = PBXSourcesBuildPhase;
			buildActionMask = 2147483647;
			files = (
				6C65DFD019D2F3A000467082 /* TodayViewController.m in Sources */,
			);
			runOnlyForDeploymentPostprocessing = 0;
		};
/* End PBXSourcesBuildPhase section */

/* Begin PBXTargetDependency section */
		6C65DFD419D2F3A000467082 /* PBXTargetDependency */ = {
			isa = PBXTargetDependency;
			target = 6C65DFC719D2F3A000467082 /* iOSDemo-Today */;
			targetProxy = 6C65DFD319D2F3A000467082 /* PBXContainerItemProxy */;
		};
		6C65DFD719D2F3A000467082 /* PBXTargetDependency */ = {
			isa = PBXTargetDependency;
			target = 6C65DFC719D2F3A000467082 /* iOSDemo-Today */;
			targetProxy = 6C65DFD619D2F3A000467082 /* PBXContainerItemProxy */;
		};
/* End PBXTargetDependency section */

/* Begin PBXVariantGroup section */
		1EB52FC4167B741F00C801D5 /* Localizable.strings */ = {
			isa = PBXVariantGroup;
			children = (
				1EB52FC5167B741F00C801D5 /* en */,
				1EB52FCB167B742A00C801D5 /* de */,
				1EB52FCC167B745000C801D5 /* es */,
				1EB52FCD167B745C00C801D5 /* fr */,
				1EB52FCE167B746700C801D5 /* it */,
				1EB52FCF167B747100C801D5 /* hr */,
				1EB52FD0167B748400C801D5 /* ja */,
				1EB52FD1167B74A400C801D5 /* ru */,
				1EB52FD2167B74AC00C801D5 /* pt */,
				1EB52FD3167B74B700C801D5 /* pt-PT */,
				1EA512DE167F7EF000FC9FBA /* zh-Hans */,
				1E6DDCF3169E29370076C65D /* ro */,
				1EB9352F16C52CA800365D8F /* hu */,
				1E20A585181EC68F00D5B770 /* nl */,
			);
			name = Localizable.strings;
			sourceTree = SOURCE_ROOT;
		};
/* End PBXVariantGroup section */

/* Begin XCBuildConfiguration section */
		1E85692715D2FAAC0066F15E /* AdHoc */ = {
			isa = XCBuildConfiguration;
			baseConfigurationReference = 1E754E8016221BFB0070AB92 /* HockeyDemo.xcconfig */;
			buildSettings = {
				ALWAYS_SEARCH_USER_PATHS = NO;
				CLANG_WARN_BOOL_CONVERSION = YES;
				CLANG_WARN_CONSTANT_CONVERSION = YES;
				CLANG_WARN_EMPTY_BODY = YES;
				CLANG_WARN_ENUM_CONVERSION = YES;
				CLANG_WARN_INT_CONVERSION = YES;
				CLANG_WARN_UNREACHABLE_CODE = YES;
				CLANG_WARN__DUPLICATE_METHOD_MATCH = YES;
				"CODE_SIGN_IDENTITY[sdk=iphoneos*]" = "iPhone Developer";
				COPY_PHASE_STRIP = NO;
				ENABLE_STRICT_OBJC_MSGSEND = YES;
				GCC_C_LANGUAGE_STANDARD = gnu99;
				GCC_DYNAMIC_NO_PIC = NO;
				GCC_OPTIMIZATION_LEVEL = 0;
				GCC_SYMBOLS_PRIVATE_EXTERN = NO;
				GCC_VERSION = com.apple.compilers.llvm.clang.1_0;
				GCC_WARN_64_TO_32_BIT_CONVERSION = YES;
				GCC_WARN_ABOUT_RETURN_TYPE = YES;
				GCC_WARN_UNDECLARED_SELECTOR = YES;
				GCC_WARN_UNINITIALIZED_AUTOS = YES;
				GCC_WARN_UNUSED_FUNCTION = YES;
				GCC_WARN_UNUSED_VARIABLE = YES;
				HEADER_SEARCH_PATHS = "\"$(SRCROOT)/Vendor/HockeySDK/Classes\"";
				IPHONEOS_DEPLOYMENT_TARGET = 6.0;
				"IPHONEOS_DEPLOYMENT_TARGET[arch=arm64]" = 7.0;
				PROVISIONING_PROFILE = "";
				SDKROOT = iphoneos;
				TARGETED_DEVICE_FAMILY = "1,2";
			};
			name = AdHoc;
		};
		1E85692815D2FAAC0066F15E /* AdHoc */ = {
			isa = XCBuildConfiguration;
			buildSettings = {
				ASSETCATALOG_COMPILER_APPICON_NAME = AppIcon;
				ASSETCATALOG_COMPILER_LAUNCHIMAGE_NAME = LaunchImage;
				CLANG_ENABLE_OBJC_ARC = YES;
				CODE_SIGN_IDENTITY = "iPhone Distribution";
				"CODE_SIGN_IDENTITY[sdk=iphoneos*]" = "iPhone Distribution";
				FRAMEWORK_SEARCH_PATHS = (
					"$(inherited)",
					"\"$(SRCROOT)/Vendor/HockeySDK/Vendor\"",
					"$(PROJECT_DIR)/Vendor/HockeySDK/Vendor",
				);
				GCC_PRECOMPILE_PREFIX_HEADER = YES;
				GCC_PREFIX_HEADER = "Resources/HockeySDK-iOSDemo-Prefix.pch";
				INFOPLIST_FILE = "Resources/HockeySDK-iOSDemo-Info.plist";
				PRODUCT_NAME = "$(TARGET_NAME)";
				PROVISIONING_PROFILE = "860D7F07-D53E-4EE8-B60A-9121EF1EA39F";
				WRAPPER_EXTENSION = app;
			};
			name = AdHoc;
		};
		1E9A625A15504F2E00EE7C9D /* Debug */ = {
			isa = XCBuildConfiguration;
			baseConfigurationReference = 1E754E8016221BFB0070AB92 /* HockeyDemo.xcconfig */;
			buildSettings = {
				ALWAYS_SEARCH_USER_PATHS = NO;
				CLANG_WARN_BOOL_CONVERSION = YES;
				CLANG_WARN_CONSTANT_CONVERSION = YES;
				CLANG_WARN_EMPTY_BODY = YES;
				CLANG_WARN_ENUM_CONVERSION = YES;
				CLANG_WARN_INT_CONVERSION = YES;
				CLANG_WARN_UNREACHABLE_CODE = YES;
				CLANG_WARN__DUPLICATE_METHOD_MATCH = YES;
				"CODE_SIGN_IDENTITY[sdk=iphoneos*]" = "iPhone Developer";
				COPY_PHASE_STRIP = NO;
				ENABLE_STRICT_OBJC_MSGSEND = YES;
				GCC_C_LANGUAGE_STANDARD = gnu99;
				GCC_DYNAMIC_NO_PIC = NO;
				GCC_OPTIMIZATION_LEVEL = 0;
				GCC_SYMBOLS_PRIVATE_EXTERN = NO;
				GCC_VERSION = com.apple.compilers.llvm.clang.1_0;
				GCC_WARN_64_TO_32_BIT_CONVERSION = YES;
				GCC_WARN_ABOUT_RETURN_TYPE = YES;
				GCC_WARN_UNDECLARED_SELECTOR = YES;
				GCC_WARN_UNINITIALIZED_AUTOS = YES;
				GCC_WARN_UNUSED_FUNCTION = YES;
				GCC_WARN_UNUSED_VARIABLE = YES;
				HEADER_SEARCH_PATHS = "\"$(SRCROOT)/Vendor/HockeySDK/Classes\"";
				IPHONEOS_DEPLOYMENT_TARGET = 6.0;
				"IPHONEOS_DEPLOYMENT_TARGET[arch=arm64]" = 7.0;
				ONLY_ACTIVE_ARCH = YES;
				PROVISIONING_PROFILE = "";
				SDKROOT = iphoneos;
				TARGETED_DEVICE_FAMILY = "1,2";
			};
			name = Debug;
		};
		1E9A625B15504F2E00EE7C9D /* AppStore */ = {
			isa = XCBuildConfiguration;
			baseConfigurationReference = 1E754E8016221BFB0070AB92 /* HockeyDemo.xcconfig */;
			buildSettings = {
				ALWAYS_SEARCH_USER_PATHS = NO;
				CLANG_WARN_BOOL_CONVERSION = YES;
				CLANG_WARN_CONSTANT_CONVERSION = YES;
				CLANG_WARN_EMPTY_BODY = YES;
				CLANG_WARN_ENUM_CONVERSION = YES;
				CLANG_WARN_INT_CONVERSION = YES;
				CLANG_WARN_UNREACHABLE_CODE = YES;
				CLANG_WARN__DUPLICATE_METHOD_MATCH = YES;
				"CODE_SIGN_IDENTITY[sdk=iphoneos*]" = "iPhone Distribution";
				COPY_PHASE_STRIP = YES;
				ENABLE_STRICT_OBJC_MSGSEND = YES;
				GCC_C_LANGUAGE_STANDARD = gnu99;
				GCC_VERSION = com.apple.compilers.llvm.clang.1_0;
				GCC_WARN_64_TO_32_BIT_CONVERSION = YES;
				GCC_WARN_ABOUT_RETURN_TYPE = YES;
				GCC_WARN_UNDECLARED_SELECTOR = YES;
				GCC_WARN_UNINITIALIZED_AUTOS = YES;
				GCC_WARN_UNUSED_FUNCTION = YES;
				GCC_WARN_UNUSED_VARIABLE = YES;
				HEADER_SEARCH_PATHS = "\"$(SRCROOT)/Vendor/HockeySDK/Classes\"";
				IPHONEOS_DEPLOYMENT_TARGET = 6.0;
				"IPHONEOS_DEPLOYMENT_TARGET[arch=arm64]" = 7.0;
				OTHER_CFLAGS = "-DNS_BLOCK_ASSERTIONS=1";
				PROVISIONING_PROFILE = "";
				SDKROOT = iphoneos;
				TARGETED_DEVICE_FAMILY = "1,2";
				VALIDATE_PRODUCT = YES;
			};
			name = AppStore;
		};
		1E9A625D15504F2E00EE7C9D /* Debug */ = {
			isa = XCBuildConfiguration;
			buildSettings = {
				ASSETCATALOG_COMPILER_APPICON_NAME = AppIcon;
				ASSETCATALOG_COMPILER_LAUNCHIMAGE_NAME = LaunchImage;
				CLANG_ENABLE_OBJC_ARC = YES;
				CODE_SIGN_IDENTITY = "iPhone Developer";
				"CODE_SIGN_IDENTITY[sdk=iphoneos*]" = "iPhone Developer";
				FRAMEWORK_SEARCH_PATHS = (
					"$(inherited)",
					"\"$(SRCROOT)/Vendor/HockeySDK/Vendor\"",
					"$(PROJECT_DIR)/Vendor/HockeySDK/Vendor",
				);
				GCC_PRECOMPILE_PREFIX_HEADER = YES;
				GCC_PREFIX_HEADER = "Resources/HockeySDK-iOSDemo-Prefix.pch";
				INFOPLIST_FILE = "Resources/HockeySDK-iOSDemo-Info.plist";
				PRODUCT_NAME = "$(TARGET_NAME)";
				WRAPPER_EXTENSION = app;
			};
			name = Debug;
		};
		1E9A625E15504F2E00EE7C9D /* AppStore */ = {
			isa = XCBuildConfiguration;
			buildSettings = {
				ASSETCATALOG_COMPILER_APPICON_NAME = AppIcon;
				ASSETCATALOG_COMPILER_LAUNCHIMAGE_NAME = LaunchImage;
				CLANG_ENABLE_OBJC_ARC = YES;
				CODE_SIGN_IDENTITY = "iPhone Developer";
				"CODE_SIGN_IDENTITY[sdk=iphoneos*]" = "iPhone Developer";
				FRAMEWORK_SEARCH_PATHS = (
					"$(inherited)",
					"\"$(SRCROOT)/Vendor/HockeySDK/Vendor\"",
					"$(PROJECT_DIR)/Vendor/HockeySDK/Vendor",
				);
				GCC_PRECOMPILE_PREFIX_HEADER = YES;
				GCC_PREFIX_HEADER = "Resources/HockeySDK-iOSDemo-Prefix.pch";
				INFOPLIST_FILE = "Resources/HockeySDK-iOSDemo-Info.plist";
				PRODUCT_NAME = "$(TARGET_NAME)";
				WRAPPER_EXTENSION = app;
			};
			name = AppStore;
		};
		6C65DFD819D2F3A000467082 /* Debug */ = {
			isa = XCBuildConfiguration;
			buildSettings = {
				CLANG_CXX_LANGUAGE_STANDARD = "gnu++0x";
				CLANG_CXX_LIBRARY = "libc++";
				CLANG_ENABLE_MODULES = YES;
				CLANG_ENABLE_OBJC_ARC = YES;
				CLANG_WARN_DIRECT_OBJC_ISA_USAGE = YES_ERROR;
				CLANG_WARN_OBJC_ROOT_CLASS = YES_ERROR;
				CODE_SIGN_IDENTITY = "iPhone Developer";
				"CODE_SIGN_IDENTITY[sdk=iphoneos*]" = "iPhone Developer";
				FRAMEWORK_SEARCH_PATHS = (
					"$(inherited)",
					"$(PROJECT_DIR)/Vendor/HockeySDK/Vendor",
				);
				GCC_PREPROCESSOR_DEFINITIONS = (
					"DEBUG=1",
					"$(inherited)",
				);
				GCC_WARN_ABOUT_RETURN_TYPE = YES_ERROR;
				GCC_WARN_UNINITIALIZED_AUTOS = YES_AGGRESSIVE;
				INFOPLIST_FILE = "iOSDemo-Today/Info.plist";
				IPHONEOS_DEPLOYMENT_TARGET = 8.0;
				LD_RUNPATH_SEARCH_PATHS = "$(inherited) @executable_path/Frameworks @executable_path/../../Frameworks";
				MTL_ENABLE_DEBUG_INFO = YES;
				PRODUCT_NAME = "$(TARGET_NAME)";
				SKIP_INSTALL = YES;
			};
			name = Debug;
		};
		6C65DFD919D2F3A000467082 /* AdHoc */ = {
			isa = XCBuildConfiguration;
			buildSettings = {
				ALWAYS_SEARCH_USER_PATHS = NO;
				CLANG_CXX_LANGUAGE_STANDARD = "gnu++0x";
				CLANG_CXX_LIBRARY = "libc++";
				CLANG_ENABLE_MODULES = YES;
				CLANG_ENABLE_OBJC_ARC = YES;
				CLANG_WARN_BOOL_CONVERSION = YES;
				CLANG_WARN_CONSTANT_CONVERSION = YES;
				CLANG_WARN_DIRECT_OBJC_ISA_USAGE = YES_ERROR;
				CLANG_WARN_EMPTY_BODY = YES;
				CLANG_WARN_ENUM_CONVERSION = YES;
				CLANG_WARN_INT_CONVERSION = YES;
				CLANG_WARN_OBJC_ROOT_CLASS = YES_ERROR;
				CLANG_WARN_UNREACHABLE_CODE = YES;
				CLANG_WARN__DUPLICATE_METHOD_MATCH = YES;
				CODE_SIGN_IDENTITY = "iPhone Distribution";
				"CODE_SIGN_IDENTITY[sdk=iphoneos*]" = "iPhone Distribution";
				COPY_PHASE_STRIP = YES;
				ENABLE_NS_ASSERTIONS = NO;
				ENABLE_STRICT_OBJC_MSGSEND = YES;
				FRAMEWORK_SEARCH_PATHS = (
					"$(inherited)",
					"$(PROJECT_DIR)/Vendor/HockeySDK/Vendor",
				);
				GCC_C_LANGUAGE_STANDARD = gnu99;
				GCC_WARN_64_TO_32_BIT_CONVERSION = YES;
				GCC_WARN_ABOUT_RETURN_TYPE = YES_ERROR;
				GCC_WARN_UNDECLARED_SELECTOR = YES;
				GCC_WARN_UNINITIALIZED_AUTOS = YES_AGGRESSIVE;
				GCC_WARN_UNUSED_FUNCTION = YES;
				GCC_WARN_UNUSED_VARIABLE = YES;
				INFOPLIST_FILE = "iOSDemo-Today/Info.plist";
				IPHONEOS_DEPLOYMENT_TARGET = 8.0;
				LD_RUNPATH_SEARCH_PATHS = "$(inherited) @executable_path/Frameworks @executable_path/../../Frameworks";
				MTL_ENABLE_DEBUG_INFO = NO;
				PRODUCT_NAME = "$(TARGET_NAME)";
				PROVISIONING_PROFILE = "860D7F07-D53E-4EE8-B60A-9121EF1EA39F";
				SDKROOT = iphoneos;
				SKIP_INSTALL = YES;
				VALIDATE_PRODUCT = YES;
			};
			name = AdHoc;
		};
		6C65DFDA19D2F3A000467082 /* AppStore */ = {
			isa = XCBuildConfiguration;
			buildSettings = {
				ALWAYS_SEARCH_USER_PATHS = NO;
				CLANG_CXX_LANGUAGE_STANDARD = "gnu++0x";
				CLANG_CXX_LIBRARY = "libc++";
				CLANG_ENABLE_MODULES = YES;
				CLANG_ENABLE_OBJC_ARC = YES;
				CLANG_WARN_BOOL_CONVERSION = YES;
				CLANG_WARN_CONSTANT_CONVERSION = YES;
				CLANG_WARN_DIRECT_OBJC_ISA_USAGE = YES_ERROR;
				CLANG_WARN_EMPTY_BODY = YES;
				CLANG_WARN_ENUM_CONVERSION = YES;
				CLANG_WARN_INT_CONVERSION = YES;
				CLANG_WARN_OBJC_ROOT_CLASS = YES_ERROR;
				CLANG_WARN_UNREACHABLE_CODE = YES;
				CLANG_WARN__DUPLICATE_METHOD_MATCH = YES;
				CODE_SIGN_IDENTITY = "iPhone Developer";
				"CODE_SIGN_IDENTITY[sdk=iphoneos*]" = "iPhone Developer";
				COPY_PHASE_STRIP = YES;
				ENABLE_NS_ASSERTIONS = NO;
				ENABLE_STRICT_OBJC_MSGSEND = YES;
				FRAMEWORK_SEARCH_PATHS = (
					"$(inherited)",
					"$(PROJECT_DIR)/Vendor/HockeySDK/Vendor",
				);
				GCC_C_LANGUAGE_STANDARD = gnu99;
				GCC_WARN_64_TO_32_BIT_CONVERSION = YES;
				GCC_WARN_ABOUT_RETURN_TYPE = YES_ERROR;
				GCC_WARN_UNDECLARED_SELECTOR = YES;
				GCC_WARN_UNINITIALIZED_AUTOS = YES_AGGRESSIVE;
				GCC_WARN_UNUSED_FUNCTION = YES;
				GCC_WARN_UNUSED_VARIABLE = YES;
				INFOPLIST_FILE = "iOSDemo-Today/Info.plist";
				IPHONEOS_DEPLOYMENT_TARGET = 8.0;
				LD_RUNPATH_SEARCH_PATHS = "$(inherited) @executable_path/Frameworks @executable_path/../../Frameworks";
				MTL_ENABLE_DEBUG_INFO = NO;
				PRODUCT_NAME = "$(TARGET_NAME)";
				SDKROOT = iphoneos;
				SKIP_INSTALL = YES;
				VALIDATE_PRODUCT = YES;
			};
			name = AppStore;
		};
/* End XCBuildConfiguration section */

/* Begin XCConfigurationList section */
		1E9A623E15504F2E00EE7C9D /* Build configuration list for PBXProject "HockeySDK-iOSDemo" */ = {
			isa = XCConfigurationList;
			buildConfigurations = (
				1E9A625A15504F2E00EE7C9D /* Debug */,
				1E85692715D2FAAC0066F15E /* AdHoc */,
				1E9A625B15504F2E00EE7C9D /* AppStore */,
			);
			defaultConfigurationIsVisible = 0;
			defaultConfigurationName = Debug;
		};
		1E9A625C15504F2E00EE7C9D /* Build configuration list for PBXNativeTarget "HockeySDK-iOSDemo" */ = {
			isa = XCConfigurationList;
			buildConfigurations = (
				1E9A625D15504F2E00EE7C9D /* Debug */,
				1E85692815D2FAAC0066F15E /* AdHoc */,
				1E9A625E15504F2E00EE7C9D /* AppStore */,
			);
			defaultConfigurationIsVisible = 0;
			defaultConfigurationName = Debug;
		};
		6C65DFE019D2F3A000467082 /* Build configuration list for PBXNativeTarget "iOSDemo-Today" */ = {
			isa = XCConfigurationList;
			buildConfigurations = (
				6C65DFD819D2F3A000467082 /* Debug */,
				6C65DFD919D2F3A000467082 /* AdHoc */,
				6C65DFDA19D2F3A000467082 /* AppStore */,
			);
			defaultConfigurationIsVisible = 0;
			defaultConfigurationName = Debug;
		};
/* End XCConfigurationList section */
	};
	rootObject = 1E9A623B15504F2E00EE7C9D /* Project object */;
}
